
Microsoft Visual Studio Solution File, Format Version 12.00
# Visual Studio 15
VisualStudioVersion = 15.0.28010.2036
MinimumVisualStudioVersion = 10.0.40219.1
Project("{9A19103F-16F7-4668-BE54-9A1E7A4F7556}") = "ESFA.DC.ILR.Model.Loose", "ESFA.DC.ILR.Model.Loose\ESFA.DC.ILR.Model.Loose.csproj", "{C1A4477B-5ECE-4EED-81C9-F77C8981290C}"
EndProject
Project("{9A19103F-16F7-4668-BE54-9A1E7A4F7556}") = "ESFA.DC.ILR.FileValidationService.Service", "ESFA.DC.ILR.FileValidationService.Service\ESFA.DC.ILR.FileValidationService.Service.csproj", "{F9C7DEE0-1B4F-4141-9CFD-CFDD168DEBD7}"
EndProject
Project("{FAE04EC0-301F-11D3-BF4B-00C04F79EFBC}") = "ESFA.DC.ILR.FileValidationService.Service.Tests", "ESFA.DC.ILR.FileValidationService.Service.Tests\ESFA.DC.ILR.FileValidationService.Service.Tests.csproj", "{142748A7-0391-42DE-9127-13207EF9C432}"
EndProject
Project("{9A19103F-16F7-4668-BE54-9A1E7A4F7556}") = "ESFA.DC.ILR.FileValidationService.Service.Interface", "ESFA.DC.ILR.FileValidationService.Service.Interface\ESFA.DC.ILR.FileValidationService.Service.Interface.csproj", "{5972B2D4-2ABE-4445-9369-DB1CF90462B9}"
EndProject
Project("{9A19103F-16F7-4668-BE54-9A1E7A4F7556}") = "ESFA.DC.FileService", "ESFA.DC.FileService\ESFA.DC.FileService.csproj", "{3BF6A9B5-E596-4857-B224-50FDE6A1E062}"
EndProject
Project("{FAE04EC0-301F-11D3-BF4B-00C04F79EFBC}") = "ESFA.DC.ILR.FileValidationService.Console", "ESFA.DC.ILR.FileValidationService.Console\ESFA.DC.ILR.FileValidationService.Console.csproj", "{49384EC4-DC3D-4BF1-BC9C-E5816D307851}"
EndProject
Project("{9A19103F-16F7-4668-BE54-9A1E7A4F7556}") = "ESFA.DC.ILR.FileValidationService.Rules", "ESFA.DC.ILR.FileValidationService.Rules\ESFA.DC.ILR.FileValidationService.Rules.csproj", "{995F5451-3A7D-4BD6-B018-5555AEDA71F6}"
EndProject
Project("{FAE04EC0-301F-11D3-BF4B-00C04F79EFBC}") = "ESFA.DC.ILR.FileValidationService.Rules.Tests", "ESFA.DC.ILR.FileValidationService.Rules.Tests\ESFA.DC.ILR.FileValidationService.Rules.Tests.csproj", "{4AB3836F-77F1-4B1D-84B4-082D31B749C2}"
EndProject
Project("{A07B5EB6-E848-4116-A8D0-A826331D98C6}") = "ESFA.DC.ILR.FileValidationService", "ESFA.DC.ILR.FileValidationService\ESFA.DC.ILR.FileValidationService.sfproj", "{9AC4F070-833B-470D-9FCA-C1E1E36884D3}"
EndProject
Project("{FAE04EC0-301F-11D3-BF4B-00C04F79EFBC}") = "ESFA.DC.ILR.FileValidationService.Stateless", "ESFA.DC.ILR.FileValidationService.Stateless\ESFA.DC.ILR.FileValidationService.Stateless.csproj", "{CE61FE0F-FCB0-4870-93A4-3153699E1CDE}"
EndProject
Project("{FAE04EC0-301F-11D3-BF4B-00C04F79EFBC}") = "ESFA.DC.ServiceFabric.Common", "ESFA.DC.ServiceFabric.Common\ESFA.DC.ServiceFabric.Common.csproj", "{90B2DA1D-9673-4C24-97EB-0361ED71130E}"
EndProject
Global
	GlobalSection(SolutionConfigurationPlatforms) = preSolution
		Debug|Any CPU = Debug|Any CPU
		Debug|x64 = Debug|x64
		Release|Any CPU = Release|Any CPU
		Release|x64 = Release|x64
	EndGlobalSection
	GlobalSection(ProjectConfigurationPlatforms) = postSolution
		{C1A4477B-5ECE-4EED-81C9-F77C8981290C}.Debug|Any CPU.ActiveCfg = Debug|Any CPU
		{C1A4477B-5ECE-4EED-81C9-F77C8981290C}.Debug|Any CPU.Build.0 = Debug|Any CPU
		{C1A4477B-5ECE-4EED-81C9-F77C8981290C}.Debug|x64.ActiveCfg = Debug|Any CPU
		{C1A4477B-5ECE-4EED-81C9-F77C8981290C}.Debug|x64.Build.0 = Debug|Any CPU
		{C1A4477B-5ECE-4EED-81C9-F77C8981290C}.Release|Any CPU.ActiveCfg = Release|Any CPU
		{C1A4477B-5ECE-4EED-81C9-F77C8981290C}.Release|Any CPU.Build.0 = Release|Any CPU
		{C1A4477B-5ECE-4EED-81C9-F77C8981290C}.Release|x64.ActiveCfg = Release|Any CPU
		{C1A4477B-5ECE-4EED-81C9-F77C8981290C}.Release|x64.Build.0 = Release|Any CPU
		{F9C7DEE0-1B4F-4141-9CFD-CFDD168DEBD7}.Debug|Any CPU.ActiveCfg = Debug|Any CPU
		{F9C7DEE0-1B4F-4141-9CFD-CFDD168DEBD7}.Debug|Any CPU.Build.0 = Debug|Any CPU
		{F9C7DEE0-1B4F-4141-9CFD-CFDD168DEBD7}.Debug|x64.ActiveCfg = Debug|Any CPU
		{F9C7DEE0-1B4F-4141-9CFD-CFDD168DEBD7}.Debug|x64.Build.0 = Debug|Any CPU
		{F9C7DEE0-1B4F-4141-9CFD-CFDD168DEBD7}.Release|Any CPU.ActiveCfg = Release|Any CPU
		{F9C7DEE0-1B4F-4141-9CFD-CFDD168DEBD7}.Release|Any CPU.Build.0 = Release|Any CPU
		{F9C7DEE0-1B4F-4141-9CFD-CFDD168DEBD7}.Release|x64.ActiveCfg = Release|Any CPU
		{F9C7DEE0-1B4F-4141-9CFD-CFDD168DEBD7}.Release|x64.Build.0 = Release|Any CPU
		{142748A7-0391-42DE-9127-13207EF9C432}.Debug|Any CPU.ActiveCfg = Debug|Any CPU
		{142748A7-0391-42DE-9127-13207EF9C432}.Debug|Any CPU.Build.0 = Debug|Any CPU
		{142748A7-0391-42DE-9127-13207EF9C432}.Debug|x64.ActiveCfg = Debug|Any CPU
		{142748A7-0391-42DE-9127-13207EF9C432}.Debug|x64.Build.0 = Debug|Any CPU
		{142748A7-0391-42DE-9127-13207EF9C432}.Release|Any CPU.ActiveCfg = Release|Any CPU
		{142748A7-0391-42DE-9127-13207EF9C432}.Release|Any CPU.Build.0 = Release|Any CPU
		{142748A7-0391-42DE-9127-13207EF9C432}.Release|x64.ActiveCfg = Release|Any CPU
		{142748A7-0391-42DE-9127-13207EF9C432}.Release|x64.Build.0 = Release|Any CPU
		{5972B2D4-2ABE-4445-9369-DB1CF90462B9}.Debug|Any CPU.ActiveCfg = Debug|Any CPU
		{5972B2D4-2ABE-4445-9369-DB1CF90462B9}.Debug|Any CPU.Build.0 = Debug|Any CPU
		{5972B2D4-2ABE-4445-9369-DB1CF90462B9}.Debug|x64.ActiveCfg = Debug|Any CPU
		{5972B2D4-2ABE-4445-9369-DB1CF90462B9}.Debug|x64.Build.0 = Debug|Any CPU
		{5972B2D4-2ABE-4445-9369-DB1CF90462B9}.Release|Any CPU.ActiveCfg = Release|Any CPU
		{5972B2D4-2ABE-4445-9369-DB1CF90462B9}.Release|Any CPU.Build.0 = Release|Any CPU
		{5972B2D4-2ABE-4445-9369-DB1CF90462B9}.Release|x64.ActiveCfg = Release|Any CPU
		{5972B2D4-2ABE-4445-9369-DB1CF90462B9}.Release|x64.Build.0 = Release|Any CPU
		{3BF6A9B5-E596-4857-B224-50FDE6A1E062}.Debug|Any CPU.ActiveCfg = Debug|Any CPU
		{3BF6A9B5-E596-4857-B224-50FDE6A1E062}.Debug|Any CPU.Build.0 = Debug|Any CPU
		{3BF6A9B5-E596-4857-B224-50FDE6A1E062}.Debug|x64.ActiveCfg = Debug|Any CPU
		{3BF6A9B5-E596-4857-B224-50FDE6A1E062}.Debug|x64.Build.0 = Debug|Any CPU
		{3BF6A9B5-E596-4857-B224-50FDE6A1E062}.Release|Any CPU.ActiveCfg = Release|Any CPU
		{3BF6A9B5-E596-4857-B224-50FDE6A1E062}.Release|Any CPU.Build.0 = Release|Any CPU
		{3BF6A9B5-E596-4857-B224-50FDE6A1E062}.Release|x64.ActiveCfg = Release|Any CPU
		{3BF6A9B5-E596-4857-B224-50FDE6A1E062}.Release|x64.Build.0 = Release|Any CPU
		{49384EC4-DC3D-4BF1-BC9C-E5816D307851}.Debug|Any CPU.ActiveCfg = Debug|Any CPU
		{49384EC4-DC3D-4BF1-BC9C-E5816D307851}.Debug|Any CPU.Build.0 = Debug|Any CPU
		{49384EC4-DC3D-4BF1-BC9C-E5816D307851}.Debug|x64.ActiveCfg = Debug|Any CPU
		{49384EC4-DC3D-4BF1-BC9C-E5816D307851}.Debug|x64.Build.0 = Debug|Any CPU
		{49384EC4-DC3D-4BF1-BC9C-E5816D307851}.Release|Any CPU.ActiveCfg = Release|Any CPU
		{49384EC4-DC3D-4BF1-BC9C-E5816D307851}.Release|Any CPU.Build.0 = Release|Any CPU
		{49384EC4-DC3D-4BF1-BC9C-E5816D307851}.Release|x64.ActiveCfg = Release|Any CPU
		{49384EC4-DC3D-4BF1-BC9C-E5816D307851}.Release|x64.Build.0 = Release|Any CPU
		{995F5451-3A7D-4BD6-B018-5555AEDA71F6}.Debug|Any CPU.ActiveCfg = Debug|Any CPU
		{995F5451-3A7D-4BD6-B018-5555AEDA71F6}.Debug|Any CPU.Build.0 = Debug|Any CPU
		{995F5451-3A7D-4BD6-B018-5555AEDA71F6}.Debug|x64.ActiveCfg = Debug|Any CPU
		{995F5451-3A7D-4BD6-B018-5555AEDA71F6}.Debug|x64.Build.0 = Debug|Any CPU
		{995F5451-3A7D-4BD6-B018-5555AEDA71F6}.Release|Any CPU.ActiveCfg = Release|Any CPU
		{995F5451-3A7D-4BD6-B018-5555AEDA71F6}.Release|Any CPU.Build.0 = Release|Any CPU
		{995F5451-3A7D-4BD6-B018-5555AEDA71F6}.Release|x64.ActiveCfg = Release|Any CPU
		{995F5451-3A7D-4BD6-B018-5555AEDA71F6}.Release|x64.Build.0 = Release|Any CPU
		{4AB3836F-77F1-4B1D-84B4-082D31B749C2}.Debug|Any CPU.ActiveCfg = Debug|Any CPU
		{4AB3836F-77F1-4B1D-84B4-082D31B749C2}.Debug|Any CPU.Build.0 = Debug|Any CPU
		{4AB3836F-77F1-4B1D-84B4-082D31B749C2}.Debug|x64.ActiveCfg = Debug|Any CPU
		{4AB3836F-77F1-4B1D-84B4-082D31B749C2}.Debug|x64.Build.0 = Debug|Any CPU
		{4AB3836F-77F1-4B1D-84B4-082D31B749C2}.Release|Any CPU.ActiveCfg = Release|Any CPU
		{4AB3836F-77F1-4B1D-84B4-082D31B749C2}.Release|Any CPU.Build.0 = Release|Any CPU
		{4AB3836F-77F1-4B1D-84B4-082D31B749C2}.Release|x64.ActiveCfg = Release|Any CPU
		{4AB3836F-77F1-4B1D-84B4-082D31B749C2}.Release|x64.Build.0 = Release|Any CPU
		{9AC4F070-833B-470D-9FCA-C1E1E36884D3}.Debug|Any CPU.ActiveCfg = Debug|x64
		{9AC4F070-833B-470D-9FCA-C1E1E36884D3}.Debug|Any CPU.Build.0 = Debug|x64
		{9AC4F070-833B-470D-9FCA-C1E1E36884D3}.Debug|Any CPU.Deploy.0 = Debug|x64
		{9AC4F070-833B-470D-9FCA-C1E1E36884D3}.Debug|x64.ActiveCfg = Debug|x64
		{9AC4F070-833B-470D-9FCA-C1E1E36884D3}.Debug|x64.Build.0 = Debug|x64
		{9AC4F070-833B-470D-9FCA-C1E1E36884D3}.Debug|x64.Deploy.0 = Debug|x64
		{9AC4F070-833B-470D-9FCA-C1E1E36884D3}.Release|Any CPU.ActiveCfg = Release|x64
		{9AC4F070-833B-470D-9FCA-C1E1E36884D3}.Release|x64.ActiveCfg = Release|x64
		{9AC4F070-833B-470D-9FCA-C1E1E36884D3}.Release|x64.Build.0 = Release|x64
		{9AC4F070-833B-470D-9FCA-C1E1E36884D3}.Release|x64.Deploy.0 = Release|x64
		{CE61FE0F-FCB0-4870-93A4-3153699E1CDE}.Debug|Any CPU.ActiveCfg = Debug|x64
		{CE61FE0F-FCB0-4870-93A4-3153699E1CDE}.Debug|Any CPU.Build.0 = Debug|x64
		{CE61FE0F-FCB0-4870-93A4-3153699E1CDE}.Debug|x64.ActiveCfg = Debug|x64
		{CE61FE0F-FCB0-4870-93A4-3153699E1CDE}.Debug|x64.Build.0 = Debug|x64
		{CE61FE0F-FCB0-4870-93A4-3153699E1CDE}.Release|Any CPU.ActiveCfg = Release|x64
		{CE61FE0F-FCB0-4870-93A4-3153699E1CDE}.Release|x64.ActiveCfg = Release|x64
		{CE61FE0F-FCB0-4870-93A4-3153699E1CDE}.Release|x64.Build.0 = Release|x64
		{90B2DA1D-9673-4C24-97EB-0361ED71130E}.Debug|Any CPU.ActiveCfg = Debug|Any CPU
		{90B2DA1D-9673-4C24-97EB-0361ED71130E}.Debug|Any CPU.Build.0 = Debug|Any CPU
		{90B2DA1D-9673-4C24-97EB-0361ED71130E}.Debug|x64.ActiveCfg = Debug|Any CPU
		{90B2DA1D-9673-4C24-97EB-0361ED71130E}.Debug|x64.Build.0 = Debug|Any CPU
		{90B2DA1D-9673-4C24-97EB-0361ED71130E}.Release|Any CPU.ActiveCfg = Release|Any CPU
		{90B2DA1D-9673-4C24-97EB-0361ED71130E}.Release|Any CPU.Build.0 = Release|Any CPU
		{90B2DA1D-9673-4C24-97EB-0361ED71130E}.Release|x64.ActiveCfg = Release|Any CPU
		{90B2DA1D-9673-4C24-97EB-0361ED71130E}.Release|x64.Build.0 = Release|Any CPU
	EndGlobalSection
	GlobalSection(SolutionProperties) = preSolution
		HideSolutionNode = FALSE
	EndGlobalSection
	GlobalSection(ExtensibilityGlobals) = postSolution
		SolutionGuid = {B58352CC-418C-4602-B15A-BF1F533114C7}
	EndGlobalSection
EndGlobal
